
Microsoft Visual Studio Solution File, Format Version 12.00
# Visual Studio 15
VisualStudioVersion = 15.0.26730.12
MinimumVisualStudioVersion = 10.0.40219.1
Project("{9A19103F-16F7-4668-BE54-9A1E7A4F7556}") = "TomasosTre", "TomasosTre\TomasosTre.csproj", "{7ABA36C8-C793-48C2-AD77-D3C02F71F4AA}"
EndProject
Project("{9A19103F-16F7-4668-BE54-9A1E7A4F7556}") = "TomasosTests", "TomasosTests\TomasosTests.csproj", "{EF934EB5-84EA-45CC-9DF1-DEE9720D0A00}"
EndProject
Project("{9A19103F-16F7-4668-BE54-9A1E7A4F7556}") = "XTomasosTests", "XTomasosTests\XTomasosTests.csproj", "{3D46DFE7-4275-4FA9-AEE7-B04E6456E6D8}"
EndProject
Global
	GlobalSection(SolutionConfigurationPlatforms) = preSolution
		Debug|Any CPU = Debug|Any CPU
		LocalIIS|Any CPU = LocalIIS|Any CPU
		Release|Any CPU = Release|Any CPU
	EndGlobalSection
	GlobalSection(ProjectConfigurationPlatforms) = postSolution
		{7ABA36C8-C793-48C2-AD77-D3C02F71F4AA}.Debug|Any CPU.ActiveCfg = Debug|Any CPU
		{7ABA36C8-C793-48C2-AD77-D3C02F71F4AA}.Debug|Any CPU.Build.0 = Debug|Any CPU
		{7ABA36C8-C793-48C2-AD77-D3C02F71F4AA}.LocalIIS|Any CPU.ActiveCfg = Release|Any CPU
		{7ABA36C8-C793-48C2-AD77-D3C02F71F4AA}.LocalIIS|Any CPU.Build.0 = Release|Any CPU
		{7ABA36C8-C793-48C2-AD77-D3C02F71F4AA}.Release|Any CPU.ActiveCfg = Release|Any CPU
		{7ABA36C8-C793-48C2-AD77-D3C02F71F4AA}.Release|Any CPU.Build.0 = Release|Any CPU
		{EF934EB5-84EA-45CC-9DF1-DEE9720D0A00}.Debug|Any CPU.ActiveCfg = Debug|Any CPU
		{EF934EB5-84EA-45CC-9DF1-DEE9720D0A00}.Debug|Any CPU.Build.0 = Debug|Any CPU
		{EF934EB5-84EA-45CC-9DF1-DEE9720D0A00}.LocalIIS|Any CPU.ActiveCfg = LocalIIS|Any CPU
		{EF934EB5-84EA-45CC-9DF1-DEE9720D0A00}.LocalIIS|Any CPU.Build.0 = LocalIIS|Any CPU
		{EF934EB5-84EA-45CC-9DF1-DEE9720D0A00}.Release|Any CPU.ActiveCfg = Release|Any CPU
		{EF934EB5-84EA-45CC-9DF1-DEE9720D0A00}.Release|Any CPU.Build.0 = Release|Any CPU
		{3D46DFE7-4275-4FA9-AEE7-B04E6456E6D8}.Debug|Any CPU.ActiveCfg = Debug|Any CPU
		{3D46DFE7-4275-4FA9-AEE7-B04E6456E6D8}.Debug|Any CPU.Build.0 = Debug|Any CPU
		{3D46DFE7-4275-4FA9-AEE7-B04E6456E6D8}.LocalIIS|Any CPU.ActiveCfg = Debug|Any CPU
		{3D46DFE7-4275-4FA9-AEE7-B04E6456E6D8}.LocalIIS|Any CPU.Build.0 = Debug|Any CPU
		{3D46DFE7-4275-4FA9-AEE7-B04E6456E6D8}.Release|Any CPU.ActiveCfg = Release|Any CPU
		{3D46DFE7-4275-4FA9-AEE7-B04E6456E6D8}.Release|Any CPU.Build.0 = Release|Any CPU
	EndGlobalSection
	GlobalSection(SolutionProperties) = preSolution
		HideSolutionNode = FALSE
	EndGlobalSection
	GlobalSection(ExtensibilityGlobals) = postSolution
		SolutionGuid = {E42F339A-A1A5-4955-8A63-D2F103ACE30D}
	EndGlobalSection
EndGlobal
